{
    "_meta": {
        "hash": {
            "sha256": "13760cd6d273a68d354dd9f4494a7bdf453aa3a82ee95222a52861bd64f3428b"
        },
        "pipfile-spec": 6,
        "requires": {
            "python_version": "3.7"
        },
        "sources": [
            {
                "name": "pypi",
                "url": "https://pypi.org/simple",
                "verify_ssl": true
            }
        ]
    },
    "default": {
        "django": {
            "hashes": [
                "sha256:1ee37046b0bf2b61e83b3a01d067323516ec3b6f2b17cd49b1326dd4ba9dc913",
                "sha256:90763c764738586b11d7e1f44828032c153366e43ad7f782908193a1bb2d6d92"
            ],
            "index": "pypi",
            "version": "==2.2.27"
        },
        "django-filter": {
            "hashes": [
                "sha256:558c727bce3ffa89c4a7a0b13bc8976745d63e5fd576b3a9a851650ef11c401b",
                "sha256:c3deb57f0dd7ff94d7dce52a047516822013e2b441bed472b722a317658cfd14"
            ],
            "index": "pypi",
            "version": "==2.2.0"
        },
        "djangorestframework": {
            "hashes": [
                "sha256:42979bd5441bb4d8fd69d0f385024a114c3cae7df0f110600b718751250f6929",
                "sha256:aedb48010ebfab9651aaab1df5fd3b4848eb4182afc909852a2110c24f89a359"
            ],
            "index": "pypi",
            "version": "==3.10.2"
        },
        "markdown": {
            "hashes": [
                "sha256:2e50876bcdd74517e7b71f3e7a76102050edec255b3983403f1a63e7c8a41e7a",
                "sha256:56a46ac655704b91e5b7e6326ce43d5ef72411376588afa1dd90e881b83c7e8c"
            ],
            "index": "pypi",
            "version": "==3.1.1"
        },
        "pytz": {
            "hashes": [
                "sha256:3672058bc3453457b622aab7a1c3bfd5ab0bdae451512f6cf25f64ed37f5b87c",
                "sha256:acad2d8b20a1af07d4e4c9d2e9285c5ed9104354062f275f3fcd88dcef4f1326"
            ],
            "version": "==2021.3"
        },
        "setuptools": {
            "hashes": [
                "sha256:43a5575eea6d3459789316e1596a3d2a0d215260cacf4189508112f35c9a145b",
                "sha256:66b8598da112b8dc8cd941d54cf63ef91d3b50657b374457eda5851f3ff6a899"
            ],
            "markers": "python_version >= '3.7'",
            "version": "==60.8.2"
        },
        "sqlparse": {
            "hashes": [
                "sha256:0c00730c74263a94e5a9919ade150dfc3b19c574389985446148402998287dae",
                "sha256:48719e356bb8b42991bdbb1e8b83223757b93789c00910a616a071910ca4a64d"
            ],
            "markers": "python_version >= '3.5'",
            "version": "==0.4.2"
        }
    },
    "develop": {}
}
